
Microsoft Visual Studio Solution File, Format Version 12.00
# Visual Studio 15
VisualStudioVersion = 15.0.28307.572
MinimumVisualStudioVersion = 10.0.40219.1
Project("{9A19103F-16F7-4668-BE54-9A1E7A4F7556}") = "FileDropper", "FileDropper\FileDropper.csproj", "{6BA12AB8-F592-4A59-B700-151107E8C81F}"
EndProject
Project("{FAE04EC0-301F-11D3-BF4B-00C04F79EFBC}") = "FileDropper.2", "FileDropper.2\FileDropper.2.csproj", "{2387ACF7-4531-46DE-BCAF-0B9ECBE7E2BD}"
EndProject
Project("{FAE04EC0-301F-11D3-BF4B-00C04F79EFBC}") = "FileDropper.3", "FileDropper.3\FileDropper.3.csproj", "{207EBF8A-FC38-4ABA-8C44-8A53B10D2C2F}"
EndProject
Project("{FAE04EC0-301F-11D3-BF4B-00C04F79EFBC}") = "FileDropper.4", "FileDropper.4\FileDropper.4.csproj", "{A79B1795-5463-42B8-B247-CB653C9F4F73}"
EndProject
Global
	GlobalSection(SolutionConfigurationPlatforms) = preSolution
		Debug|Any CPU = Debug|Any CPU
		Release|Any CPU = Release|Any CPU
	EndGlobalSection
	GlobalSection(ProjectConfigurationPlatforms) = postSolution
		{6BA12AB8-F592-4A59-B700-151107E8C81F}.Debug|Any CPU.ActiveCfg = Debug|Any CPU
		{6BA12AB8-F592-4A59-B700-151107E8C81F}.Debug|Any CPU.Build.0 = Debug|Any CPU
		{6BA12AB8-F592-4A59-B700-151107E8C81F}.Release|Any CPU.ActiveCfg = Release|Any CPU
		{6BA12AB8-F592-4A59-B700-151107E8C81F}.Release|Any CPU.Build.0 = Release|Any CPU
		{2387ACF7-4531-46DE-BCAF-0B9ECBE7E2BD}.Debug|Any CPU.ActiveCfg = Debug|Any CPU
		{2387ACF7-4531-46DE-BCAF-0B9ECBE7E2BD}.Debug|Any CPU.Build.0 = Debug|Any CPU
		{2387ACF7-4531-46DE-BCAF-0B9ECBE7E2BD}.Release|Any CPU.ActiveCfg = Release|Any CPU
		{2387ACF7-4531-46DE-BCAF-0B9ECBE7E2BD}.Release|Any CPU.Build.0 = Release|Any CPU
		{207EBF8A-FC38-4ABA-8C44-8A53B10D2C2F}.Debug|Any CPU.ActiveCfg = Debug|Any CPU
		{207EBF8A-FC38-4ABA-8C44-8A53B10D2C2F}.Debug|Any CPU.Build.0 = Debug|Any CPU
		{207EBF8A-FC38-4ABA-8C44-8A53B10D2C2F}.Release|Any CPU.ActiveCfg = Release|Any CPU
		{207EBF8A-FC38-4ABA-8C44-8A53B10D2C2F}.Release|Any CPU.Build.0 = Release|Any CPU
		{A79B1795-5463-42B8-B247-CB653C9F4F73}.Debug|Any CPU.ActiveCfg = Debug|Any CPU
		{A79B1795-5463-42B8-B247-CB653C9F4F73}.Debug|Any CPU.Build.0 = Debug|Any CPU
		{A79B1795-5463-42B8-B247-CB653C9F4F73}.Release|Any CPU.ActiveCfg = Release|Any CPU
		{A79B1795-5463-42B8-B247-CB653C9F4F73}.Release|Any CPU.Build.0 = Release|Any CPU
	EndGlobalSection
	GlobalSection(SolutionProperties) = preSolution
		HideSolutionNode = FALSE
	EndGlobalSection
	GlobalSection(ExtensibilityGlobals) = postSolution
		SolutionGuid = {4742203B-1E16-4133-843A-49683B03418F}
	EndGlobalSection
EndGlobal
